
Microsoft Visual Studio Solution File, Format Version 12.00
# Visual Studio Version 16
VisualStudioVersion = 16.0.31205.134
MinimumVisualStudioVersion = 10.0.40219.1
Project("{9A19103F-16F7-4668-BE54-9A1E7A4F7556}") = "DataAccess", "DataAccess\DataAccess.csproj", "{3DB25F2B-916A-406E-B5F0-B51EC4B56457}"
EndProject
Project("{9A19103F-16F7-4668-BE54-9A1E7A4F7556}") = "Business", "Business\Business.csproj", "{0B0AE511-D31A-4CFF-A83E-3B952AB166C6}"
EndProject
Project("{9A19103F-16F7-4668-BE54-9A1E7A4F7556}") = "Entities", "Entities\Entities.csproj", "{8EB030C0-85CF-45F6-A11D-55EA17140F88}"
EndProject
Project("{9A19103F-16F7-4668-BE54-9A1E7A4F7556}") = "ConsoleUI", "ConsoleUI\ConsoleUI.csproj", "{F149144C-9707-4511-9EB3-10357FCDCF6F}"
EndProject
Project("{9A19103F-16F7-4668-BE54-9A1E7A4F7556}") = "Core", "Core\Core.csproj", "{E254F568-AE3B-4317-87AB-D8C4E223A301}"
EndProject
Project("{FAE04EC0-301F-11D3-BF4B-00C04F79EFBC}") = "WebAPI", "WebAPI\WebAPI.csproj", "{D4F7BCAE-7619-41C6-8C04-6B8D2F302F31}"
EndProject
Global
	GlobalSection(SolutionConfigurationPlatforms) = preSolution
		Debug|Any CPU = Debug|Any CPU
		Release|Any CPU = Release|Any CPU
	EndGlobalSection
	GlobalSection(ProjectConfigurationPlatforms) = postSolution
		{3DB25F2B-916A-406E-B5F0-B51EC4B56457}.Debug|Any CPU.ActiveCfg = Debug|Any CPU
		{3DB25F2B-916A-406E-B5F0-B51EC4B56457}.Debug|Any CPU.Build.0 = Debug|Any CPU
		{3DB25F2B-916A-406E-B5F0-B51EC4B56457}.Release|Any CPU.ActiveCfg = Release|Any CPU
		{3DB25F2B-916A-406E-B5F0-B51EC4B56457}.Release|Any CPU.Build.0 = Release|Any CPU
		{0B0AE511-D31A-4CFF-A83E-3B952AB166C6}.Debug|Any CPU.ActiveCfg = Debug|Any CPU
		{0B0AE511-D31A-4CFF-A83E-3B952AB166C6}.Debug|Any CPU.Build.0 = Debug|Any CPU
		{0B0AE511-D31A-4CFF-A83E-3B952AB166C6}.Release|Any CPU.ActiveCfg = Release|Any CPU
		{0B0AE511-D31A-4CFF-A83E-3B952AB166C6}.Release|Any CPU.Build.0 = Release|Any CPU
		{8EB030C0-85CF-45F6-A11D-55EA17140F88}.Debug|Any CPU.ActiveCfg = Debug|Any CPU
		{8EB030C0-85CF-45F6-A11D-55EA17140F88}.Debug|Any CPU.Build.0 = Debug|Any CPU
		{8EB030C0-85CF-45F6-A11D-55EA17140F88}.Release|Any CPU.ActiveCfg = Release|Any CPU
		{8EB030C0-85CF-45F6-A11D-55EA17140F88}.Release|Any CPU.Build.0 = Release|Any CPU
		{F149144C-9707-4511-9EB3-10357FCDCF6F}.Debug|Any CPU.ActiveCfg = Debug|Any CPU
		{F149144C-9707-4511-9EB3-10357FCDCF6F}.Debug|Any CPU.Build.0 = Debug|Any CPU
		{F149144C-9707-4511-9EB3-10357FCDCF6F}.Release|Any CPU.ActiveCfg = Release|Any CPU
		{F149144C-9707-4511-9EB3-10357FCDCF6F}.Release|Any CPU.Build.0 = Release|Any CPU
		{E254F568-AE3B-4317-87AB-D8C4E223A301}.Debug|Any CPU.ActiveCfg = Debug|Any CPU
		{E254F568-AE3B-4317-87AB-D8C4E223A301}.Debug|Any CPU.Build.0 = Debug|Any CPU
		{E254F568-AE3B-4317-87AB-D8C4E223A301}.Release|Any CPU.ActiveCfg = Release|Any CPU
		{E254F568-AE3B-4317-87AB-D8C4E223A301}.Release|Any CPU.Build.0 = Release|Any CPU
		{D4F7BCAE-7619-41C6-8C04-6B8D2F302F31}.Debug|Any CPU.ActiveCfg = Debug|Any CPU
		{D4F7BCAE-7619-41C6-8C04-6B8D2F302F31}.Debug|Any CPU.Build.0 = Debug|Any CPU
		{D4F7BCAE-7619-41C6-8C04-6B8D2F302F31}.Release|Any CPU.ActiveCfg = Release|Any CPU
		{D4F7BCAE-7619-41C6-8C04-6B8D2F302F31}.Release|Any CPU.Build.0 = Release|Any CPU
	EndGlobalSection
	GlobalSection(SolutionProperties) = preSolution
		HideSolutionNode = FALSE
	EndGlobalSection
	GlobalSection(ExtensibilityGlobals) = postSolution
		SolutionGuid = {F2B1954E-7DDB-4C2B-96BC-9E99597EA5DB}
	EndGlobalSection
EndGlobal
